
Microsoft Visual Studio Solution File, Format Version 12.00
# Visual Studio Version 16
VisualStudioVersion = 16.0.30621.155
MinimumVisualStudioVersion = 10.0.40219.1
Project("{FAE04EC0-301F-11D3-BF4B-00C04F79EFBC}") = "ContactsAppUI", "ContactsAppUI\ContactsAppUI.csproj", "{50CE0313-D3AF-4DD7-BB35-8A10DC9B9467}"
EndProject
Project("{FAE04EC0-301F-11D3-BF4B-00C04F79EFBC}") = "ContactsApp", "ContactsApp\ContactsApp.csproj", "{64307EA8-79E4-48BB-9F23-F10C9553ACB7}"
EndProject
Project("{FAE04EC0-301F-11D3-BF4B-00C04F79EFBC}") = "ContactsApp.UnitTest", "ContactsApp.UnitTest\ContactsApp.UnitTest.csproj", "{3182E5E3-47B0-427D-8B9C-EECA8781A712}"
EndProject
Project("{FAE04EC0-301F-11D3-BF4B-00C04F79EFBC}") = "Install", "Install\Install.csproj", "{27161CF4-901E-40EE-8CB8-12D86191EEBE}"
EndProject
Global
	GlobalSection(SolutionConfigurationPlatforms) = preSolution
		Debug|Any CPU = Debug|Any CPU
		Release|Any CPU = Release|Any CPU
	EndGlobalSection
	GlobalSection(ProjectConfigurationPlatforms) = postSolution
		{50CE0313-D3AF-4DD7-BB35-8A10DC9B9467}.Debug|Any CPU.ActiveCfg = Debug|Any CPU
		{50CE0313-D3AF-4DD7-BB35-8A10DC9B9467}.Debug|Any CPU.Build.0 = Debug|Any CPU
		{50CE0313-D3AF-4DD7-BB35-8A10DC9B9467}.Release|Any CPU.ActiveCfg = Release|Any CPU
		{50CE0313-D3AF-4DD7-BB35-8A10DC9B9467}.Release|Any CPU.Build.0 = Release|Any CPU
		{64307EA8-79E4-48BB-9F23-F10C9553ACB7}.Debug|Any CPU.ActiveCfg = Debug|Any CPU
		{64307EA8-79E4-48BB-9F23-F10C9553ACB7}.Debug|Any CPU.Build.0 = Debug|Any CPU
		{64307EA8-79E4-48BB-9F23-F10C9553ACB7}.Release|Any CPU.ActiveCfg = Release|Any CPU
		{64307EA8-79E4-48BB-9F23-F10C9553ACB7}.Release|Any CPU.Build.0 = Release|Any CPU
		{3182E5E3-47B0-427D-8B9C-EECA8781A712}.Debug|Any CPU.ActiveCfg = Debug|Any CPU
		{3182E5E3-47B0-427D-8B9C-EECA8781A712}.Debug|Any CPU.Build.0 = Debug|Any CPU
		{3182E5E3-47B0-427D-8B9C-EECA8781A712}.Release|Any CPU.ActiveCfg = Release|Any CPU
		{3182E5E3-47B0-427D-8B9C-EECA8781A712}.Release|Any CPU.Build.0 = Release|Any CPU
		{27161CF4-901E-40EE-8CB8-12D86191EEBE}.Debug|Any CPU.ActiveCfg = Debug|Any CPU
		{27161CF4-901E-40EE-8CB8-12D86191EEBE}.Debug|Any CPU.Build.0 = Debug|Any CPU
		{27161CF4-901E-40EE-8CB8-12D86191EEBE}.Release|Any CPU.ActiveCfg = Release|Any CPU
		{27161CF4-901E-40EE-8CB8-12D86191EEBE}.Release|Any CPU.Build.0 = Release|Any CPU
	EndGlobalSection
	GlobalSection(SolutionProperties) = preSolution
		HideSolutionNode = FALSE
	EndGlobalSection
	GlobalSection(ExtensibilityGlobals) = postSolution
		SolutionGuid = {85450FA3-BC02-45C6-A907-3F125A4E95A3}
	EndGlobalSection
EndGlobal
